Microsoft Visual Studio Solution File, Format Version 12.00
# Visual Studio Version 17
VisualStudioVersion = 17.5.2.0
MinimumVisualStudioVersion = 10.0.40219.1
Project("{FAE04EC0-301F-11D3-BF4B-00C04F79EFBC}") = "Algorithm", "Algorithm\Algorithm.csproj", "{B0296617-7E30-D4E3-95EB-6AE317BF290C}"
EndProject
Project("{FAE04EC0-301F-11D3-BF4B-00C04F79EFBC}") = "FruitShopManagement", "FruitShopManagement\FruitShopManagement.csproj", "{AFDCAF6C-97C2-8DFC-7814-CB94575E6AB8}"
EndProject
Global
	GlobalSection(SolutionConfigurationPlatforms) = preSolution
		Debug|Any CPU = Debug|Any CPU
		Release|Any CPU = Release|Any CPU
	EndGlobalSection
	GlobalSection(ProjectConfigurationPlatforms) = postSolution
		{B0296617-7E30-D4E3-95EB-6AE317BF290C}.Debug|Any CPU.ActiveCfg = Debug|Any CPU
		{B0296617-7E30-D4E3-95EB-6AE317BF290C}.Debug|Any CPU.Build.0 = Debug|Any CPU
		{B0296617-7E30-D4E3-95EB-6AE317BF290C}.Release|Any CPU.ActiveCfg = Release|Any CPU
		{B0296617-7E30-D4E3-95EB-6AE317BF290C}.Release|Any CPU.Build.0 = Release|Any CPU
		{AFDCAF6C-97C2-8DFC-7814-CB94575E6AB8}.Debug|Any CPU.ActiveCfg = Debug|Any CPU
		{AFDCAF6C-97C2-8DFC-7814-CB94575E6AB8}.Debug|Any CPU.Build.0 = Debug|Any CPU
		{AFDCAF6C-97C2-8DFC-7814-CB94575E6AB8}.Release|Any CPU.ActiveCfg = Release|Any CPU
		{AFDCAF6C-97C2-8DFC-7814-CB94575E6AB8}.Release|Any CPU.Build.0 = Release|Any CPU
	EndGlobalSection
	GlobalSection(SolutionProperties) = preSolution
		HideSolutionNode = FALSE
	EndGlobalSection
	GlobalSection(ExtensibilityGlobals) = postSolution
		SolutionGuid = {AE634844-DD43-475B-8DE3-D604C15C49CF}
	EndGlobalSection
EndGlobal
